<Solution>
  <Project Path="lib/Foster/Framework/Foster.Framework.csproj" />
  <Project Path="src/Moggy.Assets/Moggy.Assets.csproj" />
  <Project Path="src/Moggy.Ecs/Moggy.Ecs.csproj" />
  <Project Path="src/Moggy.Mazegen/Moggy.Mazegen.csproj" />
  <Project Path="src/Moggy/Moggy.csproj" />
</Solution>
